SITE
  remote: https://supermarket.getchef.com/api/v1
  specs:
    apt (6.1.0)
    build-essential (8.0.1)
      mingw (>= 1.1)
      seven_zip (>= 0.0.0)
    chef_nginx (6.0.2)
      build-essential (>= 0.0.0)
      compat_resource (>= 12.16.3)
      ohai (>= 4.1.0)
      yum-epel (>= 0.0.0)
      zypper (>= 0.0.0)
    compat_resource (12.19.0)
    dmg (4.0.0)
    fail2ban (4.0.1)
      yum-epel (>= 0.0.0)
    git (6.0.0)
      build-essential (>= 0.0.0)
      dmg (>= 0.0.0)
      yum-epel (>= 0.0.0)
    hostnames (0.4.2)
      hostsfile (>= 0.0.0)
    hostsfile (2.4.5)
    memcached (4.0.1)
      runit (>= 1.2.0)
      yum-epel (>= 0.0.0)
    mingw (2.0.1)
      seven_zip (>= 0.0.0)
    mysql (8.3.1)
    ohai (5.0.4)
    packagecloud (0.3.0)
    packages (1.0.0)
    ruby_build (1.1.0)
      git (>= 0.0.0)
      yum-epel (>= 0.0.0)
    ruby_rbenv (1.2.0)
      ruby_build (>= 1.1.0)
    runit (3.0.5)
      packagecloud (>= 0.0.0)
      yum-epel (>= 0.0.0)
    seven_zip (2.0.2)
      windows (>= 1.2.2)
    ssh-hardening (2.1.0)
    sudo (3.4.0)
    windows (3.0.5)
      ohai (>= 4.0.0)
    yum-epel (2.1.1)
      compat_resource (>= 12.16.3)
    zypper (0.4.0)

GIT
  remote: https://github.com/phlipper/chef-redis.git
  ref: master
  sha: 7476279fc9c8727f082b8d77b5e1922dc2ef437b
  specs:
    redis (0.5.6)
      apt (>= 0.0.0)

DEPENDENCIES
  apt (>= 0)
  chef_nginx (~> 6.0.2)
  fail2ban (>= 0)
  hostnames (>= 0)
  memcached (>= 0)
  mysql (>= 0)
  packages (~> 1.0.0)
  redis (>= 0)
  ruby_build (>= 0)
  ruby_rbenv (~> 1.2.0)
  ssh-hardening (>= 0)
  sudo (>= 0)

